// !$*UTF8*$!
{
	archiveVersion = 1;
	classes = {
	};
	objectVersion = 46;
	objects = {

/* Begin PBXBuildFile section */
		703BBC1B1973DBC200C6F251 /* STMemoDisplayViewController.m in Sources */ = {isa = PBXBuildFile; fileRef = 703BBC1A1973DBC200C6F251 /* STMemoDisplayViewController.m */; };
		703BBC1E1973DD5000C6F251 /* Theme.m in Sources */ = {isa = PBXBuildFile; fileRef = 703BBC1D1973DD5000C6F251 /* Theme.m */; };
		70A10762196E66E500EA4963 /* Foundation.framework in Frameworks */ = {isa = PBXBuildFile; fileRef = 70A10761196E66E500EA4963 /* Foundation.framework */; };
		70A10764196E66E500EA4963 /* CoreGraphics.framework in Frameworks */ = {isa = PBXBuildFile; fileRef = 70A10763196E66E500EA4963 /* CoreGraphics.framework */; };
		70A10766196E66E500EA4963 /* UIKit.framework in Frameworks */ = {isa = PBXBuildFile; fileRef = 70A10765196E66E500EA4963 /* UIKit.framework */; };
		70A10768196E66E500EA4963 /* CoreData.framework in Frameworks */ = {isa = PBXBuildFile; fileRef = 70A10767196E66E500EA4963 /* CoreData.framework */; };
		70A1076E196E66E500EA4963 /* InfoPlist.strings in Resources */ = {isa = PBXBuildFile; fileRef = 70A1076C196E66E500EA4963 /* InfoPlist.strings */; };
		70A10770196E66E500EA4963 /* main.m in Sources */ = {isa = PBXBuildFile; fileRef = 70A1076F196E66E500EA4963 /* main.m */; };
		70A10774196E66E500EA4963 /* STAppDelegate.m in Sources */ = {isa = PBXBuildFile; fileRef = 70A10773196E66E500EA4963 /* STAppDelegate.m */; };
		70A10779196E66E500EA4963 /* Images.xcassets in Resources */ = {isa = PBXBuildFile; fileRef = 70A10778196E66E500EA4963 /* Images.xcassets */; };
		70A10780196E66E500EA4963 /* XCTest.framework in Frameworks */ = {isa = PBXBuildFile; fileRef = 70A1077F196E66E500EA4963 /* XCTest.framework */; };
		70A10781196E66E500EA4963 /* Foundation.framework in Frameworks */ = {isa = PBXBuildFile; fileRef = 70A10761196E66E500EA4963 /* Foundation.framework */; };
		70A10782196E66E500EA4963 /* UIKit.framework in Frameworks */ = {isa = PBXBuildFile; fileRef = 70A10765196E66E500EA4963 /* UIKit.framework */; };
		70A10783196E66E500EA4963 /* CoreData.framework in Frameworks */ = {isa = PBXBuildFile; fileRef = 70A10767196E66E500EA4963 /* CoreData.framework */; };
		70A1078B196E66E500EA4963 /* InfoPlist.strings in Resources */ = {isa = PBXBuildFile; fileRef = 70A10789196E66E500EA4963 /* InfoPlist.strings */; };
		70A1078D196E66E500EA4963 /* PersonalMemoTests.m in Sources */ = {isa = PBXBuildFile; fileRef = 70A1078C196E66E500EA4963 /* PersonalMemoTests.m */; };
		70A10797196E66F300EA4963 /* Storyboard.storyboard in Resources */ = {isa = PBXBuildFile; fileRef = 70A10796196E66F300EA4963 /* Storyboard.storyboard */; };
		70A1079A196E670400EA4963 /* entity.xcdatamodeld in Sources */ = {isa = PBXBuildFile; fileRef = 70A10798196E670400EA4963 /* entity.xcdatamodeld */; };
		70A107A3196E68B600EA4963 /* STCreatePersonalMemoViewController.m in Sources */ = {isa = PBXBuildFile; fileRef = 70A107A2196E68B600EA4963 /* STCreatePersonalMemoViewController.m */; };
		70A107A6196E770A00EA4963 /* Memo.m in Sources */ = {isa = PBXBuildFile; fileRef = 70A107A5196E770A00EA4963 /* Memo.m */; };
/* End PBXBuildFile section */

/* Begin PBXContainerItemProxy section */
		70A10784196E66E500EA4963 /* PBXContainerItemProxy */ = {
			isa = PBXContainerItemProxy;
			containerPortal = 70A10756196E66E500EA4963 /* Project object */;
			proxyType = 1;
			remoteGlobalIDString = 70A1075D196E66E500EA4963;
			remoteInfo = PersonalMemo;
		};
/* End PBXContainerItemProxy section */

/* Begin PBXFileReference section */
		703BBC191973DBC200C6F251 /* STMemoDisplayViewController.h */ = {isa = PBXFileReference; fileEncoding = 4; lastKnownFileType = sourcecode.c.h; path = STMemoDisplayViewController.h; sourceTree = "<group>"; };
		703BBC1A1973DBC200C6F251 /* STMemoDisplayViewController.m */ = {isa = PBXFileReference; fileEncoding = 4; lastKnownFileType = sourcecode.c.objc; path = STMemoDisplayViewController.m; sourceTree = "<group>"; };
		703BBC1C1973DD5000C6F251 /* Theme.h */ = {isa = PBXFileReference; fileEncoding = 4; lastKnownFileType = sourcecode.c.h; name = Theme.h; path = ../Theme.h; sourceTree = "<group>"; };
		703BBC1D1973DD5000C6F251 /* Theme.m */ = {isa = PBXFileReference; fileEncoding = 4; lastKnownFileType = sourcecode.c.objc; name = Theme.m; path = ../Theme.m; sourceTree = "<group>"; };
		70A1075E196E66E500EA4963 /* PersonalMemo.app */ = {isa = PBXFileReference; explicitFileType = wrapper.application; includeInIndex = 0; path = PersonalMemo.app; sourceTree = BUILT_PRODUCTS_DIR; };
		70A10761196E66E500EA4963 /* Foundation.framework */ = {isa = PBXFileReference; lastKnownFileType = wrapper.framework; name = Foundation.framework; path = System/Library/Frameworks/Foundation.framework; sourceTree = SDKROOT; };
		70A10763196E66E500EA4963 /* CoreGraphics.framework */ = {isa = PBXFileReference; lastKnownFileType = wrapper.framework; name = CoreGraphics.framework; path = System/Library/Frameworks/CoreGraphics.framework; sourceTree = SDKROOT; };
		70A10765196E66E500EA4963 /* UIKit.framework */ = {isa = PBXFileReference; lastKnownFileType = wrapper.framework; name = UIKit.framework; path = System/Library/Frameworks/UIKit.framework; sourceTree = SDKROOT; };
		70A10767196E66E500EA4963 /* CoreData.framework */ = {isa = PBXFileReference; lastKnownFileType = wrapper.framework; name = CoreData.framework; path = System/Library/Frameworks/CoreData.framework; sourceTree = SDKROOT; };
		70A1076B196E66E500EA4963 /* PersonalMemo-Info.plist */ = {isa = PBXFileReference; lastKnownFileType = text.plist.xml; path = "PersonalMemo-Info.plist"; sourceTree = "<group>"; };
		70A1076D196E66E500EA4963 /* en */ = {isa = PBXFileReference; lastKnownFileType = text.plist.strings; name = en; path = en.lproj/InfoPlist.strings; sourceTree = "<group>"; };
		70A1076F196E66E500EA4963 /* main.m */ = {isa = PBXFileReference; lastKnownFileType = sourcecode.c.objc; path = main.m; sourceTree = "<group>"; };
		70A10771196E66E500EA4963 /* PersonalMemo-Prefix.pch */ = {isa = PBXFileReference; lastKnownFileType = sourcecode.c.h; path = "PersonalMemo-Prefix.pch"; sourceTree = "<group>"; };
		70A10772196E66E500EA4963 /* STAppDelegate.h */ = {isa = PBXFileReference; lastKnownFileType = sourcecode.c.h; name = STAppDelegate.h; path = PersonalMemo/STAppDelegate.h; sourceTree = "<group>"; };
		70A10773196E66E500EA4963 /* STAppDelegate.m */ = {isa = PBXFileReference; lastKnownFileType = sourcecode.c.objc; name = STAppDelegate.m; path = PersonalMemo/STAppDelegate.m; sourceTree = "<group>"; };
		70A10778196E66E500EA4963 /* Images.xcassets */ = {isa = PBXFileReference; lastKnownFileType = folder.assetcatalog; name = Images.xcassets; path = PersonalMemo/Images.xcassets; sourceTree = "<group>"; };
		70A1077E196E66E500EA4963 /* PersonalMemoTests.xctest */ = {isa = PBXFileReference; explicitFileType = wrapper.cfbundle; includeInIndex = 0; path = PersonalMemoTests.xctest; sourceTree = BUILT_PRODUCTS_DIR; };
		70A1077F196E66E500EA4963 /* XCTest.framework */ = {isa = PBXFileReference; lastKnownFileType = wrapper.framework; name = XCTest.framework; path = Library/Frameworks/XCTest.framework; sourceTree = DEVELOPER_DIR; };
		70A10788196E66E500EA4963 /* PersonalMemoTests-Info.plist */ = {isa = PBXFileReference; lastKnownFileType = text.plist.xml; path = "PersonalMemoTests-Info.plist"; sourceTree = "<group>"; };
		70A1078A196E66E500EA4963 /* en */ = {isa = PBXFileReference; lastKnownFileType = text.plist.strings; name = en; path = en.lproj/InfoPlist.strings; sourceTree = "<group>"; };
		70A1078C196E66E500EA4963 /* PersonalMemoTests.m */ = {isa = PBXFileReference; lastKnownFileType = sourcecode.c.objc; path = PersonalMemoTests.m; sourceTree = "<group>"; };
		70A10796196E66F300EA4963 /* Storyboard.storyboard */ = {isa = PBXFileReference; fileEncoding = 4; lastKnownFileType = file.storyboard; path = Storyboard.storyboard; sourceTree = "<group>"; };
		70A10799196E670400EA4963 /* entity.xcdatamodel */ = {isa = PBXFileReference; lastKnownFileType = wrapper.xcdatamodel; path = entity.xcdatamodel; sourceTree = "<group>"; };
		70A107A1196E68B600EA4963 /* STCreatePersonalMemoViewController.h */ = {isa = PBXFileReference; fileEncoding = 4; lastKnownFileType = sourcecode.c.h; path = STCreatePersonalMemoViewController.h; sourceTree = "<group>"; };
		70A107A2196E68B600EA4963 /* STCreatePersonalMemoViewController.m */ = {isa = PBXFileReference; fileEncoding = 4; lastKnownFileType = sourcecode.c.objc; path = STCreatePersonalMemoViewController.m; sourceTree = "<group>"; };
		70A107A4196E770A00EA4963 /* Memo.h */ = {isa = PBXFileReference; fileEncoding = 4; lastKnownFileType = sourcecode.c.h; name = Memo.h; path = ../Memo.h; sourceTree = "<group>"; };
		70A107A5196E770A00EA4963 /* Memo.m */ = {isa = PBXFileReference; fileEncoding = 4; lastKnownFileType = sourcecode.c.objc; name = Memo.m; path = ../Memo.m; sourceTree = "<group>"; };
/* End PBXFileReference section */

/* Begin PBXFrameworksBuildPhase section */
		70A1075B196E66E500EA4963 /* Frameworks */ = {
			isa = PBXFrameworksBuildPhase;
			buildActionMask = 2147483647;
			files = (
				70A10764196E66E500EA4963 /* CoreGraphics.framework in Frameworks */,
				70A10768196E66E500EA4963 /* CoreData.framework in Frameworks */,
				70A10766196E66E500EA4963 /* UIKit.framework in Frameworks */,
				70A10762196E66E500EA4963 /* Foundation.framework in Frameworks */,
			);
			runOnlyForDeploymentPostprocessing = 0;
		};
		70A1077B196E66E500EA4963 /* Frameworks */ = {
			isa = PBXFrameworksBuildPhase;
			buildActionMask = 2147483647;
			files = (
				70A10780196E66E500EA4963 /* XCTest.framework in Frameworks */,
				70A10783196E66E500EA4963 /* CoreData.framework in Frameworks */,
				70A10782196E66E500EA4963 /* UIKit.framework in Frameworks */,
				70A10781196E66E500EA4963 /* Foundation.framework in Frameworks */,
			);
			runOnlyForDeploymentPostprocessing = 0;
		};
/* End PBXFrameworksBuildPhase section */

/* Begin PBXGroup section */
		70A10755196E66E500EA4963 = {
			isa = PBXGroup;
			children = (
				70A10778196E66E500EA4963 /* Images.xcassets */,
				70A1079E196E680C00EA4963 /* Configuration Files */,
				70A10769196E66E500EA4963 /* PersonalMemo */,
				70A10786196E66E500EA4963 /* PersonalMemoTests */,
				70A10760196E66E500EA4963 /* Frameworks */,
				70A1075F196E66E500EA4963 /* Products */,
			);
			sourceTree = "<group>";
		};
		70A1075F196E66E500EA4963 /* Products */ = {
			isa = PBXGroup;
			children = (
				70A1075E196E66E500EA4963 /* PersonalMemo.app */,
				70A1077E196E66E500EA4963 /* PersonalMemoTests.xctest */,
			);
			name = Products;
			sourceTree = "<group>";
		};
		70A10760196E66E500EA4963 /* Frameworks */ = {
			isa = PBXGroup;
			children = (
				70A10761196E66E500EA4963 /* Foundation.framework */,
				70A10763196E66E500EA4963 /* CoreGraphics.framework */,
				70A10765196E66E500EA4963 /* UIKit.framework */,
				70A10767196E66E500EA4963 /* CoreData.framework */,
				70A1077F196E66E500EA4963 /* XCTest.framework */,
			);
			name = Frameworks;
			sourceTree = "<group>";
		};
		70A10769196E66E500EA4963 /* PersonalMemo */ = {
			isa = PBXGroup;
			children = (
				70A107A0196E685200EA4963 /* Entity */,
				70A1079F196E684400EA4963 /* ViewController */,
				70A1076A196E66E500EA4963 /* Supporting Files */,
			);
			path = PersonalMemo;
			sourceTree = "<group>";
		};
		70A1076A196E66E500EA4963 /* Supporting Files */ = {
			isa = PBXGroup;
			children = (
				70A1076B196E66E500EA4963 /* PersonalMemo-Info.plist */,
				70A1076C196E66E500EA4963 /* InfoPlist.strings */,
				70A1076F196E66E500EA4963 /* main.m */,
				70A10771196E66E500EA4963 /* PersonalMemo-Prefix.pch */,
			);
			name = "Supporting Files";
			sourceTree = "<group>";
		};
		70A10786196E66E500EA4963 /* PersonalMemoTests */ = {
			isa = PBXGroup;
			children = (
				70A1078C196E66E500EA4963 /* PersonalMemoTests.m */,
				70A10787196E66E500EA4963 /* Supporting Files */,
			);
			path = PersonalMemoTests;
			sourceTree = "<group>";
		};
		70A10787196E66E500EA4963 /* Supporting Files */ = {
			isa = PBXGroup;
			children = (
				70A10788196E66E500EA4963 /* PersonalMemoTests-Info.plist */,
				70A10789196E66E500EA4963 /* InfoPlist.strings */,
			);
			name = "Supporting Files";
			sourceTree = "<group>";
		};
		70A1079E196E680C00EA4963 /* Configuration Files */ = {
			isa = PBXGroup;
			children = (
				70A10772196E66E500EA4963 /* STAppDelegate.h */,
				70A10773196E66E500EA4963 /* STAppDelegate.m */,
				70A10796196E66F300EA4963 /* Storyboard.storyboard */,
				703BBC1A1973DBC200C6F251 /* STMemoDisplayViewController.m */,
				703BBC191973DBC200C6F251 /* STMemoDisplayViewController.h */,
				70A10798196E670400EA4963 /* entity.xcdatamodeld */,
			);
			name = "Configuration Files";
			sourceTree = "<group>";
		};
		70A1079F196E684400EA4963 /* ViewController */ = {
			isa = PBXGroup;
			children = (
				70A107A1196E68B600EA4963 /* STCreatePersonalMemoViewController.h */,
				70A107A2196E68B600EA4963 /* STCreatePersonalMemoViewController.m */,
			);
			name = ViewController;
			sourceTree = "<group>";
		};
		70A107A0196E685200EA4963 /* Entity */ = {
			isa = PBXGroup;
			children = (
				703BBC1C1973DD5000C6F251 /* Theme.h */,
				703BBC1D1973DD5000C6F251 /* Theme.m */,
				70A107A4196E770A00EA4963 /* Memo.h */,
				70A107A5196E770A00EA4963 /* Memo.m */,
			);
			name = Entity;
			sourceTree = "<group>";
		};
/* End PBXGroup section */

/* Begin PBXNativeTarget section */
		70A1075D196E66E500EA4963 /* PersonalMemo */ = {
			isa = PBXNativeTarget;
			buildConfigurationList = 70A10790196E66E500EA4963 /* Build configuration list for PBXNativeTarget "PersonalMemo" */;
			buildPhases = (
				70A1075A196E66E500EA4963 /* Sources */,
				70A1075B196E66E500EA4963 /* Frameworks */,
				70A1075C196E66E500EA4963 /* Resources */,
			);
			buildRules = (
			);
			dependencies = (
			);
			name = PersonalMemo;
			productName = PersonalMemo;
			productReference = 70A1075E196E66E500EA4963 /* PersonalMemo.app */;
			productType = "com.apple.product-type.application";
		};
		70A1077D196E66E500EA4963 /* PersonalMemoTests */ = {
			isa = PBXNativeTarget;
			buildConfigurationList = 70A10793196E66E500EA4963 /* Build configuration list for PBXNativeTarget "PersonalMemoTests" */;
			buildPhases = (
				70A1077A196E66E500EA4963 /* Sources */,
				70A1077B196E66E500EA4963 /* Frameworks */,
				70A1077C196E66E500EA4963 /* Resources */,
			);
			buildRules = (
			);
			dependencies = (
				70A10785196E66E500EA4963 /* PBXTargetDependency */,
			);
			name = PersonalMemoTests;
			productName = PersonalMemoTests;
			productReference = 70A1077E196E66E500EA4963 /* PersonalMemoTests.xctest */;
			productType = "com.apple.product-type.bundle.unit-test";
		};
/* End PBXNativeTarget section */

/* Begin PBXProject section */
		70A10756196E66E500EA4963 /* Project object */ = {
			isa = PBXProject;
			attributes = {
				CLASSPREFIX = ST;
				LastUpgradeCheck = 0510;
				ORGANIZATIONNAME = st;
				TargetAttributes = {
					70A1075D196E66E500EA4963 = {
						DevelopmentTeam = Y7M4K3AU56;
					};
					70A1077D196E66E500EA4963 = {
						TestTargetID = 70A1075D196E66E500EA4963;
					};
				};
			};
			buildConfigurationList = 70A10759196E66E500EA4963 /* Build configuration list for PBXProject "PersonalMemo" */;
			compatibilityVersion = "Xcode 3.2";
			developmentRegion = English;
			hasScannedForEncodings = 0;
			knownRegions = (
				en,
			);
			mainGroup = 70A10755196E66E500EA4963;
			productRefGroup = 70A1075F196E66E500EA4963 /* Products */;
			projectDirPath = "";
			projectRoot = "";
			targets = (
				70A1075D196E66E500EA4963 /* PersonalMemo */,
				70A1077D196E66E500EA4963 /* PersonalMemoTests */,
			);
		};
/* End PBXProject section */

/* Begin PBXResourcesBuildPhase section */
		70A1075C196E66E500EA4963 /* Resources */ = {
			isa = PBXResourcesBuildPhase;
			buildActionMask = 2147483647;
			files = (
				70A1076E196E66E500EA4963 /* InfoPlist.strings in Resources */,
				70A10779196E66E500EA4963 /* Images.xcassets in Resources */,
				70A10797196E66F300EA4963 /* Storyboard.storyboard in Resources */,
			);
			runOnlyForDeploymentPostprocessing = 0;
		};
		70A1077C196E66E500EA4963 /* Resources */ = {
			isa = PBXResourcesBuildPhase;
			buildActionMask = 2147483647;
			files = (
				70A1078B196E66E500EA4963 /* InfoPlist.strings in Resources */,
			);
			runOnlyForDeploymentPostprocessing = 0;
		};
/* End PBXResourcesBuildPhase section */

/* Begin PBXSourcesBuildPhase section */
		70A1075A196E66E500EA4963 /* Sources */ = {
			isa = PBXSourcesBuildPhase;
			buildActionMask = 2147483647;
			files = (
				703BBC1E1973DD5000C6F251 /* Theme.m in Sources */,
				703BBC1B1973DBC200C6F251 /* STMemoDisplayViewController.m in Sources */,
				70A107A6196E770A00EA4963 /* Memo.m in Sources */,
				70A1079A196E670400EA4963 /* entity.xcdatamodeld in Sources */,
				70A10770196E66E500EA4963 /* main.m in Sources */,
				70A10774196E66E500EA4963 /* STAppDelegate.m in Sources */,
				70A107A3196E68B600EA4963 /* STCreatePersonalMemoViewController.m in Sources */,
			);
			runOnlyForDeploymentPostprocessing = 0;
		};
		70A1077A196E66E500EA4963 /* Sources */ = {
			isa = PBXSourcesBuildPhase;
			buildActionMask = 2147483647;
			files = (
				70A1078D196E66E500EA4963 /* PersonalMemoTests.m in Sources */,
			);
			runOnlyForDeploymentPostprocessing = 0;
		};
/* End PBXSourcesBuildPhase section */

/* Begin PBXTargetDependency section */
		70A10785196E66E500EA4963 /* PBXTargetDependency */ = {
			isa = PBXTargetDependency;
			target = 70A1075D196E66E500EA4963 /* PersonalMemo */;
			targetProxy = 70A10784196E66E500EA4963 /* PBXContainerItemProxy */;
		};
/* End PBXTargetDependency section */

/* Begin PBXVariantGroup section */
		70A1076C196E66E500EA4963 /* InfoPlist.strings */ = {
			isa = PBXVariantGroup;
			children = (
				70A1076D196E66E500EA4963 /* en */,
			);
			name = InfoPlist.strings;
			sourceTree = "<group>";
		};
		70A10789196E66E500EA4963 /* InfoPlist.strings */ = {
			isa = PBXVariantGroup;
			children = (
				70A1078A196E66E500EA4963 /* en */,
			);
			name = InfoPlist.strings;
			sourceTree = "<group>";
		};
/* End PBXVariantGroup section */

/* Begin XCBuildConfiguration section */
		70A1078E196E66E500EA4963 /* Debug */ = {
			isa = XCBuildConfiguration;
			buildSettings = {
				ALWAYS_SEARCH_USER_PATHS = NO;
				CLANG_CXX_LANGUAGE_STANDARD = "gnu++0x";
				CLANG_CXX_LIBRARY = "libc++";
				CLANG_ENABLE_MODULES = YES;
				CLANG_ENABLE_OBJC_ARC = YES;
				CLANG_WARN_BOOL_CONVERSION = YES;
				CLANG_WARN_CONSTANT_CONVERSION = YES;
				CLANG_WARN_DIRECT_OBJC_ISA_USAGE = YES_ERROR;
				CLANG_WARN_EMPTY_BODY = YES;
				CLANG_WARN_ENUM_CONVERSION = YES;
				CLANG_WARN_INT_CONVERSION = YES;
				CLANG_WARN_OBJC_ROOT_CLASS = YES_ERROR;
				CLANG_WARN__DUPLICATE_METHOD_MATCH = YES;
				"CODE_SIGN_IDENTITY[sdk=iphoneos*]" = "iPhone Developer";
				COPY_PHASE_STRIP = NO;
				GCC_C_LANGUAGE_STANDARD = gnu99;
				GCC_DYNAMIC_NO_PIC = NO;
				GCC_OPTIMIZATION_LEVEL = 0;
				GCC_PREPROCESSOR_DEFINITIONS = (
					"DEBUG=1",
					"$(inherited)",
				);
				GCC_SYMBOLS_PRIVATE_EXTERN = NO;
				GCC_WARN_64_TO_32_BIT_CONVERSION = YES;
				GCC_WARN_ABOUT_RETURN_TYPE = YES_ERROR;
				GCC_WARN_UNDECLARED_SELECTOR = YES;
				GCC_WARN_UNINITIALIZED_AUTOS = YES_AGGRESSIVE;
				GCC_WARN_UNUSED_FUNCTION = YES;
				GCC_WARN_UNUSED_VARIABLE = YES;
				IPHONEOS_DEPLOYMENT_TARGET = 7.1;
				ONLY_ACTIVE_ARCH = YES;
				SDKROOT = iphoneos;
			};
			name = Debug;
		};
		70A1078F196E66E500EA4963 /* Release */ = {
			isa = XCBuildConfiguration;
			buildSettings = {
				ALWAYS_SEARCH_USER_PATHS = NO;
				CLANG_CXX_LANGUAGE_STANDARD = "gnu++0x";
				CLANG_CXX_LIBRARY = "libc++";
				CLANG_ENABLE_MODULES = YES;
				CLANG_ENABLE_OBJC_ARC = YES;
				CLANG_WARN_BOOL_CONVERSION = YES;
				CLANG_WARN_CONSTANT_CONVERSION = YES;
				CLANG_WARN_DIRECT_OBJC_ISA_USAGE = YES_ERROR;
				CLANG_WARN_EMPTY_BODY = YES;
				CLANG_WARN_ENUM_CONVERSION = YES;
				CLANG_WARN_INT_CONVERSION = YES;
				CLANG_WARN_OBJC_ROOT_CLASS = YES_ERROR;
				CLANG_WARN__DUPLICATE_METHOD_MATCH = YES;
				"CODE_SIGN_IDENTITY[sdk=iphoneos*]" = "iPhone Developer";
				COPY_PHASE_STRIP = YES;
				ENABLE_NS_ASSERTIONS = NO;
				GCC_C_LANGUAGE_STANDARD = gnu99;
				GCC_WARN_64_TO_32_BIT_CONVERSION = YES;
				GCC_WARN_ABOUT_RETURN_TYPE = YES_ERROR;
				GCC_WARN_UNDECLARED_SELECTOR = YES;
				GCC_WARN_UNINITIALIZED_AUTOS = YES_AGGRESSIVE;
				GCC_WARN_UNUSED_FUNCTION = YES;
				GCC_WARN_UNUSED_VARIABLE = YES;
				IPHONEOS_DEPLOYMENT_TARGET = 7.1;
				SDKROOT = iphoneos;
				VALIDATE_PRODUCT = YES;
			};
			name = Release;
		};
		70A10791196E66E500EA4963 /* Debug */ = {
			isa = XCBuildConfiguration;
			buildSettings = {
				ASSETCATALOG_COMPILER_APPICON_NAME = AppIcon;
				ASSETCATALOG_COMPILER_LAUNCHIMAGE_NAME = LaunchImage;
				CODE_SIGN_IDENTITY = "iPhone Developer";
				"CODE_SIGN_IDENTITY[sdk=iphoneos*]" = "iPhone Developer";
				GCC_PRECOMPILE_PREFIX_HEADER = YES;
				GCC_PREFIX_HEADER = "PersonalMemo/PersonalMemo-Prefix.pch";
				INFOPLIST_FILE = "PersonalMemo/PersonalMemo-Info.plist";
				PRODUCT_NAME = "$(TARGET_NAME)";
				PROVISIONING_PROFILE = "";
				WRAPPER_EXTENSION = app;
			};
			name = Debug;
		};
		70A10792196E66E500EA4963 /* Release */ = {
			isa = XCBuildConfiguration;
			buildSettings = {
				ASSETCATALOG_COMPILER_APPICON_NAME = AppIcon;
				ASSETCATALOG_COMPILER_LAUNCHIMAGE_NAME = LaunchImage;
				CODE_SIGN_IDENTITY = "iPhone Developer";
				"CODE_SIGN_IDENTITY[sdk=iphoneos*]" = "iPhone Developer";
				GCC_PRECOMPILE_PREFIX_HEADER = YES;
				GCC_PREFIX_HEADER = "PersonalMemo/PersonalMemo-Prefix.pch";
				INFOPLIST_FILE = "PersonalMemo/PersonalMemo-Info.plist";
				PRODUCT_NAME = "$(TARGET_NAME)";
				PROVISIONING_PROFILE = "";
				WRAPPER_EXTENSION = app;
			};
			name = Release;
		};
		70A10794196E66E500EA4963 /* Debug */ = {
			isa = XCBuildConfiguration;
			buildSettings = {
				BUNDLE_LOADER = "$(BUILT_PRODUCTS_DIR)/PersonalMemo.app/PersonalMemo";
				FRAMEWORK_SEARCH_PATHS = (
					"$(SDKROOT)/Developer/Library/Frameworks",
					"$(inherited)",
					"$(DEVELOPER_FRAMEWORKS_DIR)",
				);
				GCC_PRECOMPILE_PREFIX_HEADER = YES;
				GCC_PREFIX_HEADER = "PersonalMemo/PersonalMemo-Prefix.pch";
				GCC_PREPROCESSOR_DEFINITIONS = (
					"DEBUG=1",
					"$(inherited)",
				);
				INFOPLIST_FILE = "PersonalMemoTests/PersonalMemoTests-Info.plist";
				PRODUCT_NAME = "$(TARGET_NAME)";
				TEST_HOST = "$(BUNDLE_LOADER)";
				WRAPPER_EXTENSION = xctest;
			};
			name = Debug;
		};
		70A10795196E66E500EA4963 /* Release */ = {
			isa = XCBuildConfiguration;
			buildSettings = {
				BUNDLE_LOADER = "$(BUILT_PRODUCTS_DIR)/PersonalMemo.app/PersonalMemo";
				FRAMEWORK_SEARCH_PATHS = (
					"$(SDKROOT)/Developer/Library/Frameworks",
					"$(inherited)",
					"$(DEVELOPER_FRAMEWORKS_DIR)",
				);
				GCC_PRECOMPILE_PREFIX_HEADER = YES;
				GCC_PREFIX_HEADER = "PersonalMemo/PersonalMemo-Prefix.pch";
				INFOPLIST_FILE = "PersonalMemoTests/PersonalMemoTests-Info.plist";
				PRODUCT_NAME = "$(TARGET_NAME)";
				TEST_HOST = "$(BUNDLE_LOADER)";
				WRAPPER_EXTENSION = xctest;
			};
			name = Release;
		};
/* End XCBuildConfiguration section */

/* Begin XCConfigurationList section */
		70A10759196E66E500EA4963 /* Build configuration list for PBXProject "PersonalMemo" */ = {
			isa = XCConfigurationList;
			buildConfigurations = (
				70A1078E196E66E500EA4963 /* Debug */,
				70A1078F196E66E500EA4963 /* Release */,
			);
			defaultConfigurationIsVisible = 0;
			defaultConfigurationName = Release;
		};
		70A10790196E66E500EA4963 /* Build configuration list for PBXNativeTarget "PersonalMemo" */ = {
			isa = XCConfigurationList;
			buildConfigurations = (
				70A10791196E66E500EA4963 /* Debug */,
				70A10792196E66E500EA4963 /* Release */,
			);
			defaultConfigurationIsVisible = 0;
			defaultConfigurationName = Release;
		};
		70A10793196E66E500EA4963 /* Build configuration list for PBXNativeTarget "PersonalMemoTests" */ = {
			isa = XCConfigurationList;
			buildConfigurations = (
				70A10794196E66E500EA4963 /* Debug */,
				70A10795196E66E500EA4963 /* Release */,
			);
			defaultConfigurationIsVisible = 0;
			defaultConfigurationName = Release;
		};
/* End XCConfigurationList section */

/* Begin XCVersionGroup section */
		70A10798196E670400EA4963 /* entity.xcdatamodeld */ = {
			isa = XCVersionGroup;
			children = (
				70A10799196E670400EA4963 /* entity.xcdatamodel */,
			);
			currentVersion = 70A10799196E670400EA4963 /* entity.xcdatamodel */;
			path = entity.xcdatamodeld;
			sourceTree = "<group>";
			versionGroupType = wrapper.xcdatamodel;
		};
/* End XCVersionGroup section */
	};
	rootObject = 70A10756196E66E500EA4963 /* Project object */;
}
